
Microsoft Visual Studio Solution File, Format Version 12.00
# Visual Studio 15
VisualStudioVersion = 15.0.27130.2010
MinimumVisualStudioVersion = 10.0.40219.1
Project("{FAE04EC0-301F-11D3-BF4B-00C04F79EFBC}") = "MonoGame.Extended.DesktopGL.VideoPlayback", "Sources\MonoGame.Extended.DesktopGL.VideoPlayback\MonoGame.Extended.DesktopGL.VideoPlayback.csproj", "{01835222-222F-4FA1-96CC-45C386CF9492}"
EndProject
Project("{FAE04EC0-301F-11D3-BF4B-00C04F79EFBC}") = "Demo.DesktopGL.VideoPlayback", "Demos\Demo.DesktopGL.VideoPlayback\Demo.DesktopGL.VideoPlayback.csproj", "{7F322E38-7BCB-4E17-B40C-11C8EF18F96D}"
EndProject
Project("{FAE04EC0-301F-11D3-BF4B-00C04F79EFBC}") = "MonoGame.Extended2", "Sources\MonoGame.Extended2\MonoGame.Extended2.csproj", "{C7C3D9DE-41A4-4C21-98FB-336ED38A99D5}"
EndProject
Global
	GlobalSection(SolutionConfigurationPlatforms) = preSolution
		Debug|Any CPU = Debug|Any CPU
		Release|Any CPU = Release|Any CPU
	EndGlobalSection
	GlobalSection(ProjectConfigurationPlatforms) = postSolution
		{01835222-222F-4FA1-96CC-45C386CF9492}.Debug|Any CPU.ActiveCfg = Debug|Any CPU
		{01835222-222F-4FA1-96CC-45C386CF9492}.Debug|Any CPU.Build.0 = Debug|Any CPU
		{01835222-222F-4FA1-96CC-45C386CF9492}.Release|Any CPU.ActiveCfg = Release|Any CPU
		{01835222-222F-4FA1-96CC-45C386CF9492}.Release|Any CPU.Build.0 = Release|Any CPU
		{7F322E38-7BCB-4E17-B40C-11C8EF18F96D}.Debug|Any CPU.ActiveCfg = Debug|Any CPU
		{7F322E38-7BCB-4E17-B40C-11C8EF18F96D}.Debug|Any CPU.Build.0 = Debug|Any CPU
		{7F322E38-7BCB-4E17-B40C-11C8EF18F96D}.Release|Any CPU.ActiveCfg = Release|Any CPU
		{7F322E38-7BCB-4E17-B40C-11C8EF18F96D}.Release|Any CPU.Build.0 = Release|Any CPU
		{C7C3D9DE-41A4-4C21-98FB-336ED38A99D5}.Debug|Any CPU.ActiveCfg = Debug|Any CPU
		{C7C3D9DE-41A4-4C21-98FB-336ED38A99D5}.Debug|Any CPU.Build.0 = Debug|Any CPU
		{C7C3D9DE-41A4-4C21-98FB-336ED38A99D5}.Release|Any CPU.ActiveCfg = Release|Any CPU
		{C7C3D9DE-41A4-4C21-98FB-336ED38A99D5}.Release|Any CPU.Build.0 = Release|Any CPU
	EndGlobalSection
	GlobalSection(SolutionProperties) = preSolution
		HideSolutionNode = FALSE
	EndGlobalSection
	GlobalSection(ExtensibilityGlobals) = postSolution
		SolutionGuid = {F8E88228-0CD9-4899-B3A9-746246164A9D}
	EndGlobalSection
EndGlobal
