
Microsoft Visual Studio Solution File, Format Version 12.00
# Visual Studio 15
VisualStudioVersion = 15.0.27130.2010
MinimumVisualStudioVersion = 10.0.40219.1
Project("{FAE04EC0-301F-11D3-BF4B-00C04F79EFBC}") = "OpenMLTD.Projector", "OpenMLTD.Projector\OpenMLTD.Projector.csproj", "{01835222-222F-4FA1-96CC-45C386CF9492}"
EndProject
Project("{FAE04EC0-301F-11D3-BF4B-00C04F79EFBC}") = "OpenMLTD.Projector.VisualTest", "OpenMLTD.Projector.VisualTest\OpenMLTD.Projector.VisualTest.csproj", "{7F322E38-7BCB-4E17-B40C-11C8EF18F96D}"
EndProject
Project("{FAE04EC0-301F-11D3-BF4B-00C04F79EFBC}") = "OpenMLTD.Projector.NETStandard", "OpenMLTD.Projector.NETStandard\OpenMLTD.Projector.NETStandard.csproj", "{D88D0EC7-D0AD-4398-9223-2C39BE241E52}"
EndProject
Project("{FAE04EC0-301F-11D3-BF4B-00C04F79EFBC}") = "OpenMLTD.Projector.VisualTest.NETCore", "OpenMLTD.Projector.VisualTest.NETCore\OpenMLTD.Projector.VisualTest.NETCore.csproj", "{7EABED72-5DC7-4552-A56D-303759AC3998}"
EndProject
Global
	GlobalSection(SolutionConfigurationPlatforms) = preSolution
		Debug|Any CPU = Debug|Any CPU
		Release|Any CPU = Release|Any CPU
	EndGlobalSection
	GlobalSection(ProjectConfigurationPlatforms) = postSolution
		{01835222-222F-4FA1-96CC-45C386CF9492}.Debug|Any CPU.ActiveCfg = Debug|Any CPU
		{01835222-222F-4FA1-96CC-45C386CF9492}.Debug|Any CPU.Build.0 = Debug|Any CPU
		{01835222-222F-4FA1-96CC-45C386CF9492}.Release|Any CPU.ActiveCfg = Release|Any CPU
		{01835222-222F-4FA1-96CC-45C386CF9492}.Release|Any CPU.Build.0 = Release|Any CPU
		{7F322E38-7BCB-4E17-B40C-11C8EF18F96D}.Debug|Any CPU.ActiveCfg = Debug|Any CPU
		{7F322E38-7BCB-4E17-B40C-11C8EF18F96D}.Debug|Any CPU.Build.0 = Debug|Any CPU
		{7F322E38-7BCB-4E17-B40C-11C8EF18F96D}.Release|Any CPU.ActiveCfg = Release|Any CPU
		{7F322E38-7BCB-4E17-B40C-11C8EF18F96D}.Release|Any CPU.Build.0 = Release|Any CPU
		{D88D0EC7-D0AD-4398-9223-2C39BE241E52}.Debug|Any CPU.ActiveCfg = Debug|Any CPU
		{D88D0EC7-D0AD-4398-9223-2C39BE241E52}.Debug|Any CPU.Build.0 = Debug|Any CPU
		{D88D0EC7-D0AD-4398-9223-2C39BE241E52}.Release|Any CPU.ActiveCfg = Release|Any CPU
		{D88D0EC7-D0AD-4398-9223-2C39BE241E52}.Release|Any CPU.Build.0 = Release|Any CPU
		{7EABED72-5DC7-4552-A56D-303759AC3998}.Debug|Any CPU.ActiveCfg = Debug|Any CPU
		{7EABED72-5DC7-4552-A56D-303759AC3998}.Debug|Any CPU.Build.0 = Debug|Any CPU
		{7EABED72-5DC7-4552-A56D-303759AC3998}.Release|Any CPU.ActiveCfg = Release|Any CPU
		{7EABED72-5DC7-4552-A56D-303759AC3998}.Release|Any CPU.Build.0 = Release|Any CPU
	EndGlobalSection
	GlobalSection(SolutionProperties) = preSolution
		HideSolutionNode = FALSE
	EndGlobalSection
	GlobalSection(ExtensibilityGlobals) = postSolution
		SolutionGuid = {F8E88228-0CD9-4899-B3A9-746246164A9D}
	EndGlobalSection
EndGlobal
